
Microsoft Visual Studio Solution File, Format Version 12.00
# Visual Studio Version 16
VisualStudioVersion = 16.0.29020.237
MinimumVisualStudioVersion = 10.0.40219.1
Project("{FAE04EC0-301F-11D3-BF4B-00C04F79EFBC}") = "HappyFLDB", "HappyFLDB\HappyFLDB.csproj", "{8DBDEBC1-5B72-404B-9FD9-2219D44C2390}"
EndProject
Project("{2150E333-8FDC-42A3-9474-1A3956D46DE8}") = "scripts", "scripts", "{3F4D702A-D328-49DD-B02E-355D1E1440D3}"
	ProjectSection(SolutionItems) = preProject
		scripts\update_dev_db.sh = scripts\update_dev_db.sh
		scripts\config.sh = scripts\config.sh
		scripts\release_db.sh = scripts\release_db.sh
	EndProjectSection
EndProject
Project("{FAE04EC0-301F-11D3-BF4B-00C04F79EFBC}") = "HappyFL", "HappyFL\HappyFL.csproj", "{0345BF7F-74D7-406B-A20D-03579EEF9B4E}"
EndProject
Project("{FAE04EC0-301F-11D3-BF4B-00C04F79EFBC}") = "HappyFLDBRelease", "HappyFLDBRelease\HappyFLDBRelease.csproj", "{BBE93D37-EDB5-4B60-AE8D-69F66AECC70F}"
EndProject
Project("{FAE04EC0-301F-11D3-BF4B-00C04F79EFBC}") = "HtmlAgilityPack.NETStandard2_0", "html-agility-pack\src\HtmlAgilityPack.NETStandard2_0\HtmlAgilityPack.NETStandard2_0.csproj", "{F5A647D4-A124-4D20-98E9-F06866F643E3}"
EndProject
Project("{D954291E-2A0B-460D-934E-DC6B0785DB48}") = "HtmlAgilityPack.Shared", "html-agility-pack\src\HtmlAgilityPack.Shared\HtmlAgilityPack.Shared.shproj", "{5BA9A0D7-173F-4C4F-AFFA-3DD6DC2F9A79}"
EndProject
Global
	GlobalSection(SolutionConfigurationPlatforms) = preSolution
		Debug|Any CPU = Debug|Any CPU
		Release|Any CPU = Release|Any CPU
	EndGlobalSection
	GlobalSection(ProjectConfigurationPlatforms) = postSolution
		{8DBDEBC1-5B72-404B-9FD9-2219D44C2390}.Debug|Any CPU.ActiveCfg = Debug|Any CPU
		{8DBDEBC1-5B72-404B-9FD9-2219D44C2390}.Debug|Any CPU.Build.0 = Debug|Any CPU
		{8DBDEBC1-5B72-404B-9FD9-2219D44C2390}.Release|Any CPU.ActiveCfg = Release|Any CPU
		{8DBDEBC1-5B72-404B-9FD9-2219D44C2390}.Release|Any CPU.Build.0 = Release|Any CPU
		{0345BF7F-74D7-406B-A20D-03579EEF9B4E}.Debug|Any CPU.ActiveCfg = Debug|Any CPU
		{0345BF7F-74D7-406B-A20D-03579EEF9B4E}.Debug|Any CPU.Build.0 = Debug|Any CPU
		{0345BF7F-74D7-406B-A20D-03579EEF9B4E}.Release|Any CPU.ActiveCfg = Release|Any CPU
		{0345BF7F-74D7-406B-A20D-03579EEF9B4E}.Release|Any CPU.Build.0 = Release|Any CPU
		{BBE93D37-EDB5-4B60-AE8D-69F66AECC70F}.Debug|Any CPU.ActiveCfg = Debug|Any CPU
		{BBE93D37-EDB5-4B60-AE8D-69F66AECC70F}.Debug|Any CPU.Build.0 = Debug|Any CPU
		{BBE93D37-EDB5-4B60-AE8D-69F66AECC70F}.Release|Any CPU.ActiveCfg = Release|Any CPU
		{BBE93D37-EDB5-4B60-AE8D-69F66AECC70F}.Release|Any CPU.Build.0 = Release|Any CPU
		{F5A647D4-A124-4D20-98E9-F06866F643E3}.Debug|Any CPU.ActiveCfg = Debug|Any CPU
		{F5A647D4-A124-4D20-98E9-F06866F643E3}.Debug|Any CPU.Build.0 = Debug|Any CPU
		{F5A647D4-A124-4D20-98E9-F06866F643E3}.Release|Any CPU.ActiveCfg = Release|Any CPU
		{F5A647D4-A124-4D20-98E9-F06866F643E3}.Release|Any CPU.Build.0 = Release|Any CPU
	EndGlobalSection
	GlobalSection(SolutionProperties) = preSolution
		HideSolutionNode = FALSE
	EndGlobalSection
	GlobalSection(ExtensibilityGlobals) = postSolution
		SolutionGuid = {478E7C92-1371-4CCA-BE7B-FE448A99BAA5}
	EndGlobalSection
EndGlobal
